
Microsoft Visual Studio Solution File, Format Version 12.00
# Visual Studio Version 16
VisualStudioVersion = 16.0.810.23
MinimumVisualStudioVersion = 10.0.40219.1
Project("{FAE04EC0-301F-11D3-BF4B-00C04F79EFBC}") = "MyApiDemo", "MyApiDemo\MyApiDemo.csproj", "{E1939275-5A80-4AFA-939A-A055F8B39BBA}"
EndProject
Global
	GlobalSection(SolutionConfigurationPlatforms) = preSolution
		Debug|Any CPU = Debug|Any CPU
		Release|Any CPU = Release|Any CPU
	EndGlobalSection
	GlobalSection(ProjectConfigurationPlatforms) = postSolution
		{E1939275-5A80-4AFA-939A-A055F8B39BBA}.Debug|Any CPU.ActiveCfg = Debug|Any CPU
		{E1939275-5A80-4AFA-939A-A055F8B39BBA}.Debug|Any CPU.Build.0 = Debug|Any CPU
		{E1939275-5A80-4AFA-939A-A055F8B39BBA}.Release|Any CPU.ActiveCfg = Release|Any CPU
		{E1939275-5A80-4AFA-939A-A055F8B39BBA}.Release|Any CPU.Build.0 = Release|Any CPU
	EndGlobalSection
	GlobalSection(SolutionProperties) = preSolution
		HideSolutionNode = FALSE
	EndGlobalSection
	GlobalSection(ExtensibilityGlobals) = postSolution
		SolutionGuid = {F1D079E0-D736-48FE-826E-314FB95FDFF0}
	EndGlobalSection
EndGlobal
